
Microsoft Visual Studio Solution File, Format Version 12.00
# Visual Studio Version 16
VisualStudioVersion = 16.0.810.8
MinimumVisualStudioVersion = 10.0.40219.1
Project("{FAE04EC0-301F-11D3-BF4B-00C04F79EFBC}") = "EntesProject", "EntesProject.csproj", "{FEB35206-F6F8-41C3-8062-D51DD8775C4F}"
EndProject
Global
	GlobalSection(SolutionConfigurationPlatforms) = preSolution
		Debug|Any CPU = Debug|Any CPU
		Release|Any CPU = Release|Any CPU
	EndGlobalSection
	GlobalSection(ProjectConfigurationPlatforms) = postSolution
		{FEB35206-F6F8-41C3-8062-D51DD8775C4F}.Debug|Any CPU.ActiveCfg = Debug|Any CPU
		{FEB35206-F6F8-41C3-8062-D51DD8775C4F}.Debug|Any CPU.Build.0 = Debug|Any CPU
		{FEB35206-F6F8-41C3-8062-D51DD8775C4F}.Release|Any CPU.ActiveCfg = Release|Any CPU
		{FEB35206-F6F8-41C3-8062-D51DD8775C4F}.Release|Any CPU.Build.0 = Release|Any CPU
	EndGlobalSection
	GlobalSection(SolutionProperties) = preSolution
		HideSolutionNode = FALSE
	EndGlobalSection
	GlobalSection(ExtensibilityGlobals) = postSolution
		SolutionGuid = {A1E785C5-8789-42FD-A81B-A6035391BCA2}
	EndGlobalSection
EndGlobal
